
Microsoft Visual Studio Solution File, Format Version 12.00
# Visual Studio Version 16
VisualStudioVersion = 16.0.30104.148
MinimumVisualStudioVersion = 10.0.40219.1
Project("{FAE04EC0-301F-11D3-BF4B-00C04F79EFBC}") = "ProgaShmoga", "ProgaShmoga.csproj", "{6EC5CBF1-3B61-4EA2-B836-1690EA672F4D}"
EndProject
Project("{FAE04EC0-301F-11D3-BF4B-00C04F79EFBC}") = "Trener", "..\Trener\Trener.csproj", "{F9C65233-E2F0-4334-9F11-064F82A30F32}"
EndProject
Global
	GlobalSection(SolutionConfigurationPlatforms) = preSolution
		Debug|Any CPU = Debug|Any CPU
		Release|Any CPU = Release|Any CPU
	EndGlobalSection
	GlobalSection(ProjectConfigurationPlatforms) = postSolution
		{6EC5CBF1-3B61-4EA2-B836-1690EA672F4D}.Debug|Any CPU.ActiveCfg = Debug|Any CPU
		{6EC5CBF1-3B61-4EA2-B836-1690EA672F4D}.Debug|Any CPU.Build.0 = Debug|Any CPU
		{6EC5CBF1-3B61-4EA2-B836-1690EA672F4D}.Release|Any CPU.ActiveCfg = Release|Any CPU
		{6EC5CBF1-3B61-4EA2-B836-1690EA672F4D}.Release|Any CPU.Build.0 = Release|Any CPU
		{F9C65233-E2F0-4334-9F11-064F82A30F32}.Debug|Any CPU.ActiveCfg = Debug|Any CPU
		{F9C65233-E2F0-4334-9F11-064F82A30F32}.Debug|Any CPU.Build.0 = Debug|Any CPU
		{F9C65233-E2F0-4334-9F11-064F82A30F32}.Release|Any CPU.ActiveCfg = Release|Any CPU
		{F9C65233-E2F0-4334-9F11-064F82A30F32}.Release|Any CPU.Build.0 = Release|Any CPU
	EndGlobalSection
	GlobalSection(SolutionProperties) = preSolution
		HideSolutionNode = FALSE
	EndGlobalSection
	GlobalSection(ExtensibilityGlobals) = postSolution
		SolutionGuid = {D00CE7F1-8ED3-4FF9-8EC6-F90B549460F3}
	EndGlobalSection
EndGlobal
